
Microsoft Visual Studio Solution File, Format Version 12.00
# Visual Studio 15
VisualStudioVersion = 15.0.26124.0
MinimumVisualStudioVersion = 15.0.26124.0
Project("{FAE04EC0-301F-11D3-BF4B-00C04F79EFBC}") = "application", "Api.Application\application.csproj", "{388A61D6-9A26-4293-B1DD-42E9ADD62B24}"
EndProject
Project("{FAE04EC0-301F-11D3-BF4B-00C04F79EFBC}") = "Domain", "Api.Domain\Domain.csproj", "{D600A159-2288-409E-A5DE-7C0D2F636B05}"
EndProject
Project("{FAE04EC0-301F-11D3-BF4B-00C04F79EFBC}") = "CrossCutting", "Api.CrossCutting\CrossCutting.csproj", "{F493E90D-4073-451E-AB17-9B81637C2C90}"
EndProject
Project("{FAE04EC0-301F-11D3-BF4B-00C04F79EFBC}") = "Data", "Api.Data\Data.csproj", "{93709B53-0404-4C8A-94CE-6310116A42DD}"
EndProject
Project("{FAE04EC0-301F-11D3-BF4B-00C04F79EFBC}") = "Service", "Api.Service\Service.csproj", "{25DACE38-75C1-4D32-84B1-7B2B3DB1F178}"
EndProject
Global
	GlobalSection(SolutionConfigurationPlatforms) = preSolution
		Debug|Any CPU = Debug|Any CPU
		Debug|x64 = Debug|x64
		Debug|x86 = Debug|x86
		Release|Any CPU = Release|Any CPU
		Release|x64 = Release|x64
		Release|x86 = Release|x86
	EndGlobalSection
	GlobalSection(SolutionProperties) = preSolution
		HideSolutionNode = FALSE
	EndGlobalSection
	GlobalSection(ProjectConfigurationPlatforms) = postSolution
		{388A61D6-9A26-4293-B1DD-42E9ADD62B24}.Debug|Any CPU.ActiveCfg = Debug|Any CPU
		{388A61D6-9A26-4293-B1DD-42E9ADD62B24}.Debug|Any CPU.Build.0 = Debug|Any CPU
		{388A61D6-9A26-4293-B1DD-42E9ADD62B24}.Debug|x64.ActiveCfg = Debug|Any CPU
		{388A61D6-9A26-4293-B1DD-42E9ADD62B24}.Debug|x64.Build.0 = Debug|Any CPU
		{388A61D6-9A26-4293-B1DD-42E9ADD62B24}.Debug|x86.ActiveCfg = Debug|Any CPU
		{388A61D6-9A26-4293-B1DD-42E9ADD62B24}.Debug|x86.Build.0 = Debug|Any CPU
		{388A61D6-9A26-4293-B1DD-42E9ADD62B24}.Release|Any CPU.ActiveCfg = Release|Any CPU
		{388A61D6-9A26-4293-B1DD-42E9ADD62B24}.Release|Any CPU.Build.0 = Release|Any CPU
		{388A61D6-9A26-4293-B1DD-42E9ADD62B24}.Release|x64.ActiveCfg = Release|Any CPU
		{388A61D6-9A26-4293-B1DD-42E9ADD62B24}.Release|x64.Build.0 = Release|Any CPU
		{388A61D6-9A26-4293-B1DD-42E9ADD62B24}.Release|x86.ActiveCfg = Release|Any CPU
		{388A61D6-9A26-4293-B1DD-42E9ADD62B24}.Release|x86.Build.0 = Release|Any CPU
		{D600A159-2288-409E-A5DE-7C0D2F636B05}.Debug|Any CPU.ActiveCfg = Debug|Any CPU
		{D600A159-2288-409E-A5DE-7C0D2F636B05}.Debug|Any CPU.Build.0 = Debug|Any CPU
		{D600A159-2288-409E-A5DE-7C0D2F636B05}.Debug|x64.ActiveCfg = Debug|Any CPU
		{D600A159-2288-409E-A5DE-7C0D2F636B05}.Debug|x64.Build.0 = Debug|Any CPU
		{D600A159-2288-409E-A5DE-7C0D2F636B05}.Debug|x86.ActiveCfg = Debug|Any CPU
		{D600A159-2288-409E-A5DE-7C0D2F636B05}.Debug|x86.Build.0 = Debug|Any CPU
		{D600A159-2288-409E-A5DE-7C0D2F636B05}.Release|Any CPU.ActiveCfg = Release|Any CPU
		{D600A159-2288-409E-A5DE-7C0D2F636B05}.Release|Any CPU.Build.0 = Release|Any CPU
		{D600A159-2288-409E-A5DE-7C0D2F636B05}.Release|x64.ActiveCfg = Release|Any CPU
		{D600A159-2288-409E-A5DE-7C0D2F636B05}.Release|x64.Build.0 = Release|Any CPU
		{D600A159-2288-409E-A5DE-7C0D2F636B05}.Release|x86.ActiveCfg = Release|Any CPU
		{D600A159-2288-409E-A5DE-7C0D2F636B05}.Release|x86.Build.0 = Release|Any CPU
		{F493E90D-4073-451E-AB17-9B81637C2C90}.Debug|Any CPU.ActiveCfg = Debug|Any CPU
		{F493E90D-4073-451E-AB17-9B81637C2C90}.Debug|Any CPU.Build.0 = Debug|Any CPU
		{F493E90D-4073-451E-AB17-9B81637C2C90}.Debug|x64.ActiveCfg = Debug|Any CPU
		{F493E90D-4073-451E-AB17-9B81637C2C90}.Debug|x64.Build.0 = Debug|Any CPU
		{F493E90D-4073-451E-AB17-9B81637C2C90}.Debug|x86.ActiveCfg = Debug|Any CPU
		{F493E90D-4073-451E-AB17-9B81637C2C90}.Debug|x86.Build.0 = Debug|Any CPU
		{F493E90D-4073-451E-AB17-9B81637C2C90}.Release|Any CPU.ActiveCfg = Release|Any CPU
		{F493E90D-4073-451E-AB17-9B81637C2C90}.Release|Any CPU.Build.0 = Release|Any CPU
		{F493E90D-4073-451E-AB17-9B81637C2C90}.Release|x64.ActiveCfg = Release|Any CPU
		{F493E90D-4073-451E-AB17-9B81637C2C90}.Release|x64.Build.0 = Release|Any CPU
		{F493E90D-4073-451E-AB17-9B81637C2C90}.Release|x86.ActiveCfg = Release|Any CPU
		{F493E90D-4073-451E-AB17-9B81637C2C90}.Release|x86.Build.0 = Release|Any CPU
		{93709B53-0404-4C8A-94CE-6310116A42DD}.Debug|Any CPU.ActiveCfg = Debug|Any CPU
		{93709B53-0404-4C8A-94CE-6310116A42DD}.Debug|Any CPU.Build.0 = Debug|Any CPU
		{93709B53-0404-4C8A-94CE-6310116A42DD}.Debug|x64.ActiveCfg = Debug|Any CPU
		{93709B53-0404-4C8A-94CE-6310116A42DD}.Debug|x64.Build.0 = Debug|Any CPU
		{93709B53-0404-4C8A-94CE-6310116A42DD}.Debug|x86.ActiveCfg = Debug|Any CPU
		{93709B53-0404-4C8A-94CE-6310116A42DD}.Debug|x86.Build.0 = Debug|Any CPU
		{93709B53-0404-4C8A-94CE-6310116A42DD}.Release|Any CPU.ActiveCfg = Release|Any CPU
		{93709B53-0404-4C8A-94CE-6310116A42DD}.Release|Any CPU.Build.0 = Release|Any CPU
		{93709B53-0404-4C8A-94CE-6310116A42DD}.Release|x64.ActiveCfg = Release|Any CPU
		{93709B53-0404-4C8A-94CE-6310116A42DD}.Release|x64.Build.0 = Release|Any CPU
		{93709B53-0404-4C8A-94CE-6310116A42DD}.Release|x86.ActiveCfg = Release|Any CPU
		{93709B53-0404-4C8A-94CE-6310116A42DD}.Release|x86.Build.0 = Release|Any CPU
		{EB87E23A-3439-4095-A9AA-7D40F6A3F3A2}.Debug|Any CPU.ActiveCfg = Debug|Any CPU
		{EB87E23A-3439-4095-A9AA-7D40F6A3F3A2}.Debug|Any CPU.Build.0 = Debug|Any CPU
		{EB87E23A-3439-4095-A9AA-7D40F6A3F3A2}.Debug|x64.ActiveCfg = Debug|Any CPU
		{EB87E23A-3439-4095-A9AA-7D40F6A3F3A2}.Debug|x64.Build.0 = Debug|Any CPU
		{EB87E23A-3439-4095-A9AA-7D40F6A3F3A2}.Debug|x86.ActiveCfg = Debug|Any CPU
		{EB87E23A-3439-4095-A9AA-7D40F6A3F3A2}.Debug|x86.Build.0 = Debug|Any CPU
		{EB87E23A-3439-4095-A9AA-7D40F6A3F3A2}.Release|Any CPU.ActiveCfg = Release|Any CPU
		{EB87E23A-3439-4095-A9AA-7D40F6A3F3A2}.Release|Any CPU.Build.0 = Release|Any CPU
		{EB87E23A-3439-4095-A9AA-7D40F6A3F3A2}.Release|x64.ActiveCfg = Release|Any CPU
		{EB87E23A-3439-4095-A9AA-7D40F6A3F3A2}.Release|x64.Build.0 = Release|Any CPU
		{EB87E23A-3439-4095-A9AA-7D40F6A3F3A2}.Release|x86.ActiveCfg = Release|Any CPU
		{EB87E23A-3439-4095-A9AA-7D40F6A3F3A2}.Release|x86.Build.0 = Release|Any CPU
		{25DACE38-75C1-4D32-84B1-7B2B3DB1F178}.Debug|Any CPU.ActiveCfg = Debug|Any CPU
		{25DACE38-75C1-4D32-84B1-7B2B3DB1F178}.Debug|Any CPU.Build.0 = Debug|Any CPU
		{25DACE38-75C1-4D32-84B1-7B2B3DB1F178}.Debug|x64.ActiveCfg = Debug|Any CPU
		{25DACE38-75C1-4D32-84B1-7B2B3DB1F178}.Debug|x64.Build.0 = Debug|Any CPU
		{25DACE38-75C1-4D32-84B1-7B2B3DB1F178}.Debug|x86.ActiveCfg = Debug|Any CPU
		{25DACE38-75C1-4D32-84B1-7B2B3DB1F178}.Debug|x86.Build.0 = Debug|Any CPU
		{25DACE38-75C1-4D32-84B1-7B2B3DB1F178}.Release|Any CPU.ActiveCfg = Release|Any CPU
		{25DACE38-75C1-4D32-84B1-7B2B3DB1F178}.Release|Any CPU.Build.0 = Release|Any CPU
		{25DACE38-75C1-4D32-84B1-7B2B3DB1F178}.Release|x64.ActiveCfg = Release|Any CPU
		{25DACE38-75C1-4D32-84B1-7B2B3DB1F178}.Release|x64.Build.0 = Release|Any CPU
		{25DACE38-75C1-4D32-84B1-7B2B3DB1F178}.Release|x86.ActiveCfg = Release|Any CPU
		{25DACE38-75C1-4D32-84B1-7B2B3DB1F178}.Release|x86.Build.0 = Release|Any CPU
	EndGlobalSection
EndGlobal
